{
  "name": "infra-slack-lambda",
  "version": "1.0.0",
  "lockfileVersion": 3,
  "requires": true,
  "packages": {
    "": {
      "name": "infra-slack-lambda",
      "version": "1.0.0",
      "license": "ISC",
      "devDependencies": {
        "@types/aws-lambda": "^8.10.130"
      }
    },
    "node_modules/@types/aws-lambda": {
      "version": "8.10.142",
      "resolved": "https://registry.npmjs.org/@types/aws-lambda/-/aws-lambda-8.10.142.tgz",
      "integrity": "sha512-wy2y/2hQKrS6myOS++koXg3N1Hg+LLyPjaggCFajczSHZPqBnOMuT2sdH3kiASrmdBYyM3pmjyz5SoWraRllCQ==",
      "dev": true
    }
  }
}
